# This file is autogenerated, do not edit; changes may be undone by the next 'dep ensure'.


[[projects]]
  branch = "master"
  name = "github.com/facebookgo/stack"
  packages = ["."]
  revision = "751773369052141c013c6e827a71e8f35c07879c"

[[projects]]
  branch = "master"
  name = "github.com/gorilla/securecookie"
  packages = ["."]
  revision = "e59506cc896acb7f7bf732d4fdf5e25f7ccd8983"

[[projects]]
  branch = "master"
  name = "github.com/lib/pq"
  packages = [".","oid"]
  revision = "017e4c14d80628353eaee677a1aeffe47a10c0dc"

[[projects]]
  branch = "master"
  name = "github.com/mediocregopher/radix.v3"
  packages = [".","resp"]
  revision = "d285b9d40ad446202117b4bf102c0b00e116660a"

[[projects]]
  branch = "master"
  name = "golang.org/x/crypto"
  packages = ["bcrypt","blowfish"]
  revision = "9419663f5a44be8b34ca85f08abc5fe1be11f8a3"

[solve-meta]
  analyzer-name = "dep"
  analyzer-version = 1
  inputs-digest = "5bcd7573d24fce3fbc1e3cb9a0eaaa2b4caa368dfca6d64314fd1b622a5b2e1c"
  solver-name = "gps-cdcl"
  solver-version = 1
